{
  "name": "mail-service-prod",
  "version": "1.0.0",
  "lockfileVersion": 2,
  "requires": true,
  "packages": {
    "": {
      "name": "mail-service-prod",
      "version": "1.0.0",
      "license": "ISC",
      "dependencies": {
        "@middy/core": "^2.5.7",
        "@middy/sqs-partial-batch-failure": "^2.5.7"
      }
    },
    "node_modules/@middy/core": {
      "version": "2.5.7",
      "resolved": "https://registry.npmjs.org/@middy/core/-/core-2.5.7.tgz",
      "integrity": "sha512-KX5Ud0SP+pol6PGkYtMCH4goHobs1XJo3OvEUwdiZUIjZgo56Q08nLu5N7Bs6P+FwGTQHA+hlQ3I5SZbfpO/jg==",
      "engines": {
        "node": ">=12"
      }
    },
    "node_modules/@middy/sqs-partial-batch-failure": {
      "version": "2.5.7",
      "resolved": "https://registry.npmjs.org/@middy/sqs-partial-batch-failure/-/sqs-partial-batch-failure-2.5.7.tgz",
      "integrity": "sha512-4SeI94nY5Ja52x4U9uq4hC765sdkEQ1BdnTdK8CcsmFZ2wzX3+79MOY0f9vihZYMh/0dgryuC4WA4Lpew2NQ3w==",
      "dependencies": {
        "@middy/util": "^2.5.7"
      },
      "engines": {
        "node": ">=12"
      }
    },
    "node_modules/@middy/util": {
      "version": "2.5.7",
      "resolved": "https://registry.npmjs.org/@middy/util/-/util-2.5.7.tgz",
      "integrity": "sha512-4CwEVfUyvF0n1qtEzrcrV56L7iQYyt6zChYQ9N5/uvQgAhdExLzOinW6ki1ZjTMgaMypqdHNUyDAEiAuNJLRUw==",
      "engines": {
        "node": ">=12"
      }
    }
  },
  "dependencies": {
    "@middy/core": {
      "version": "2.5.7",
      "resolved": "https://registry.npmjs.org/@middy/core/-/core-2.5.7.tgz",
      "integrity": "sha512-KX5Ud0SP+pol6PGkYtMCH4goHobs1XJo3OvEUwdiZUIjZgo56Q08nLu5N7Bs6P+FwGTQHA+hlQ3I5SZbfpO/jg=="
    },
    "@middy/sqs-partial-batch-failure": {
      "version": "2.5.7",
      "resolved": "https://registry.npmjs.org/@middy/sqs-partial-batch-failure/-/sqs-partial-batch-failure-2.5.7.tgz",
      "integrity": "sha512-4SeI94nY5Ja52x4U9uq4hC765sdkEQ1BdnTdK8CcsmFZ2wzX3+79MOY0f9vihZYMh/0dgryuC4WA4Lpew2NQ3w==",
      "requires": {
        "@middy/util": "^2.5.7"
      }
    },
    "@middy/util": {
      "version": "2.5.7",
      "resolved": "https://registry.npmjs.org/@middy/util/-/util-2.5.7.tgz",
      "integrity": "sha512-4CwEVfUyvF0n1qtEzrcrV56L7iQYyt6zChYQ9N5/uvQgAhdExLzOinW6ki1ZjTMgaMypqdHNUyDAEiAuNJLRUw=="
    }
  }
}
